
Microsoft Visual Studio Solution File, Format Version 12.00
# Visual Studio Version 17
VisualStudioVersion = 17.11.35222.181
MinimumVisualStudioVersion = 10.0.40219.1
Project("{FAE04EC0-301F-11D3-BF4B-00C04F79EFBC}") = "GoodGine", "GoodGine.csproj", "{02A5112A-1D2A-4264-8B53-E27E334198AA}"
EndProject
Global
	GlobalSection(SolutionConfigurationPlatforms) = preSolution
		Debug|Any CPU = Debug|Any CPU
		Release|Any CPU = Release|Any CPU
	EndGlobalSection
	GlobalSection(ProjectConfigurationPlatforms) = postSolution
		{02A5112A-1D2A-4264-8B53-E27E334198AA}.Debug|Any CPU.ActiveCfg = Debug|Any CPU
		{02A5112A-1D2A-4264-8B53-E27E334198AA}.Debug|Any CPU.Build.0 = Debug|Any CPU
		{02A5112A-1D2A-4264-8B53-E27E334198AA}.Release|Any CPU.ActiveCfg = Release|Any CPU
		{02A5112A-1D2A-4264-8B53-E27E334198AA}.Release|Any CPU.Build.0 = Release|Any CPU
	EndGlobalSection
	GlobalSection(SolutionProperties) = preSolution
		HideSolutionNode = FALSE
	EndGlobalSection
	GlobalSection(ExtensibilityGlobals) = postSolution
		SolutionGuid = {279A38BE-BCFC-416C-9240-63344863F7C9}
	EndGlobalSection
EndGlobal
